{
    "name": "xpider",
    "version": "1.0.0",
    "lockfileVersion": 1,
    "requires": true,
    "dependencies": {
        "sweetalert2": {
            "version": "9.10.4",
            "resolved": "https://registry.npmjs.org/sweetalert2/-/sweetalert2-9.10.4.tgz",
            "integrity": "sha512-vUAEfW8MfhTaiSsGre+3KGljM4J5qkBWifwtazYKb865L4HaNhZpjieAvQD00yQjXFQJNkRWZ7YsTQBZ5reDww=="
        }
    }
}
